
Microsoft Visual Studio Solution File, Format Version 12.00
# Visual Studio 2012
Project("{FAE04EC0-301F-11D3-BF4B-00C04F79EFBC}") = "Gtd.PublishedLanguage", "Gtd.PublishedLanguage\Gtd.PublishedLanguage.csproj", "{0D96C7E4-0A2C-4808-B822-BCA137DCFBB6}"
EndProject
Project("{FAE04EC0-301F-11D3-BF4B-00C04F79EFBC}") = "Gtd.CoreDomain", "Gtd.CoreDomain\Gtd.CoreDomain.csproj", "{BAB02576-30C8-4DE2-AC43-23766F9FD6A1}"
EndProject
Project("{FAE04EC0-301F-11D3-BF4B-00C04F79EFBC}") = "Gtd.CoreDomain.Tests", "Gtd.CoreDomain.Tests\Gtd.CoreDomain.Tests.csproj", "{1B1D22E9-C631-49AD-9633-091DE70DC526}"
EndProject
Project("{FAE04EC0-301F-11D3-BF4B-00C04F79EFBC}") = "Gtd.Shell", "Gtd.Console\Gtd.Shell.csproj", "{B5516C60-3F2C-4CF1-9174-ED3ED2C7BF75}"
EndProject
Project("{2150E333-8FDC-42A3-9474-1A3956D46DE8}") = "Infrastructure", "Infrastructure", "{CBDBCC09-581A-465B-B658-10A7399DAEFF}"
EndProject
Project("{FAE04EC0-301F-11D3-BF4B-00C04F79EFBC}") = "Btw.Redis.Tests", "Btw.Redis.Tests\Btw.Redis.Tests.csproj", "{E3E34C03-6297-4D4F-8F51-722E864DE1FE}"
	ProjectSection(ProjectDependencies) = postProject
		{66A6C5E4-3732-4955-8247-620377E261F2} = {66A6C5E4-3732-4955-8247-620377E261F2}
	EndProjectSection
EndProject
Project("{FAE04EC0-301F-11D3-BF4B-00C04F79EFBC}") = "Btw.Redis", "Btw.Redis\Btw.Redis.csproj", "{66A6C5E4-3732-4955-8247-620377E261F2}"
EndProject
Project("{FAE04EC0-301F-11D3-BF4B-00C04F79EFBC}") = "Btw.Portable", "Btw.Portable\Btw.Portable.csproj", "{A435667B-5C71-41A0-A7C8-4700BDADF8B2}"
EndProject
Global
	GlobalSection(SolutionConfigurationPlatforms) = preSolution
		Debug|Any CPU = Debug|Any CPU
		Release|Any CPU = Release|Any CPU
	EndGlobalSection
	GlobalSection(ProjectConfigurationPlatforms) = postSolution
		{0D96C7E4-0A2C-4808-B822-BCA137DCFBB6}.Debug|Any CPU.ActiveCfg = Debug|Any CPU
		{0D96C7E4-0A2C-4808-B822-BCA137DCFBB6}.Debug|Any CPU.Build.0 = Debug|Any CPU
		{0D96C7E4-0A2C-4808-B822-BCA137DCFBB6}.Release|Any CPU.ActiveCfg = Release|Any CPU
		{0D96C7E4-0A2C-4808-B822-BCA137DCFBB6}.Release|Any CPU.Build.0 = Release|Any CPU
		{BAB02576-30C8-4DE2-AC43-23766F9FD6A1}.Debug|Any CPU.ActiveCfg = Debug|Any CPU
		{BAB02576-30C8-4DE2-AC43-23766F9FD6A1}.Debug|Any CPU.Build.0 = Debug|Any CPU
		{BAB02576-30C8-4DE2-AC43-23766F9FD6A1}.Release|Any CPU.ActiveCfg = Release|Any CPU
		{BAB02576-30C8-4DE2-AC43-23766F9FD6A1}.Release|Any CPU.Build.0 = Release|Any CPU
		{1B1D22E9-C631-49AD-9633-091DE70DC526}.Debug|Any CPU.ActiveCfg = Debug|Any CPU
		{1B1D22E9-C631-49AD-9633-091DE70DC526}.Debug|Any CPU.Build.0 = Debug|Any CPU
		{1B1D22E9-C631-49AD-9633-091DE70DC526}.Release|Any CPU.ActiveCfg = Release|Any CPU
		{1B1D22E9-C631-49AD-9633-091DE70DC526}.Release|Any CPU.Build.0 = Release|Any CPU
		{B5516C60-3F2C-4CF1-9174-ED3ED2C7BF75}.Debug|Any CPU.ActiveCfg = Debug|Any CPU
		{B5516C60-3F2C-4CF1-9174-ED3ED2C7BF75}.Debug|Any CPU.Build.0 = Debug|Any CPU
		{B5516C60-3F2C-4CF1-9174-ED3ED2C7BF75}.Release|Any CPU.ActiveCfg = Release|Any CPU
		{B5516C60-3F2C-4CF1-9174-ED3ED2C7BF75}.Release|Any CPU.Build.0 = Release|Any CPU
		{E3E34C03-6297-4D4F-8F51-722E864DE1FE}.Debug|Any CPU.ActiveCfg = Debug|Any CPU
		{E3E34C03-6297-4D4F-8F51-722E864DE1FE}.Debug|Any CPU.Build.0 = Debug|Any CPU
		{E3E34C03-6297-4D4F-8F51-722E864DE1FE}.Release|Any CPU.ActiveCfg = Release|Any CPU
		{E3E34C03-6297-4D4F-8F51-722E864DE1FE}.Release|Any CPU.Build.0 = Release|Any CPU
		{66A6C5E4-3732-4955-8247-620377E261F2}.Debug|Any CPU.ActiveCfg = Debug|Any CPU
		{66A6C5E4-3732-4955-8247-620377E261F2}.Debug|Any CPU.Build.0 = Debug|Any CPU
		{66A6C5E4-3732-4955-8247-620377E261F2}.Release|Any CPU.ActiveCfg = Release|Any CPU
		{66A6C5E4-3732-4955-8247-620377E261F2}.Release|Any CPU.Build.0 = Release|Any CPU
		{A435667B-5C71-41A0-A7C8-4700BDADF8B2}.Debug|Any CPU.ActiveCfg = Debug|Any CPU
		{A435667B-5C71-41A0-A7C8-4700BDADF8B2}.Debug|Any CPU.Build.0 = Debug|Any CPU
		{A435667B-5C71-41A0-A7C8-4700BDADF8B2}.Release|Any CPU.ActiveCfg = Release|Any CPU
		{A435667B-5C71-41A0-A7C8-4700BDADF8B2}.Release|Any CPU.Build.0 = Release|Any CPU
	EndGlobalSection
	GlobalSection(SolutionProperties) = preSolution
		HideSolutionNode = FALSE
	EndGlobalSection
	GlobalSection(NestedProjects) = preSolution
		{E3E34C03-6297-4D4F-8F51-722E864DE1FE} = {CBDBCC09-581A-465B-B658-10A7399DAEFF}
		{66A6C5E4-3732-4955-8247-620377E261F2} = {CBDBCC09-581A-465B-B658-10A7399DAEFF}
		{A435667B-5C71-41A0-A7C8-4700BDADF8B2} = {CBDBCC09-581A-465B-B658-10A7399DAEFF}
	EndGlobalSection
EndGlobal
